
Microsoft Visual Studio Solution File, Format Version 12.00
# Visual Studio Version 17
VisualStudioVersion = 17.14.36811.4
MinimumVisualStudioVersion = 10.0.40219.1
Project("{FAE04EC0-301F-11D3-BF4B-00C04F79EFBC}") = "RecipeApp.Web", "RecipeApp.Web\RecipeApp.Web.csproj", "{CED4A76C-BE59-4021-A4F9-771C231B2589}"
EndProject
Global
	GlobalSection(SolutionConfigurationPlatforms) = preSolution
		Debug|Any CPU = Debug|Any CPU
		Release|Any CPU = Release|Any CPU
	EndGlobalSection
	GlobalSection(ProjectConfigurationPlatforms) = postSolution
		{CED4A76C-BE59-4021-A4F9-771C231B2589}.Debug|Any CPU.ActiveCfg = Debug|Any CPU
		{CED4A76C-BE59-4021-A4F9-771C231B2589}.Debug|Any CPU.Build.0 = Debug|Any CPU
		{CED4A76C-BE59-4021-A4F9-771C231B2589}.Release|Any CPU.ActiveCfg = Release|Any CPU
		{CED4A76C-BE59-4021-A4F9-771C231B2589}.Release|Any CPU.Build.0 = Release|Any CPU
	EndGlobalSection
	GlobalSection(SolutionProperties) = preSolution
		HideSolutionNode = FALSE
	EndGlobalSection
	GlobalSection(ExtensibilityGlobals) = postSolution
		SolutionGuid = {00411BFF-C917-4067-A36C-225CF2C9AC83}
	EndGlobalSection
EndGlobal
